<?xml version="1.0" encoding="UTF-8"?>
<CodeBlocks_project_file>
	<FileVersion major="1" minor="6"/>
	<Project>
		<Option title="ModeloLinealR"/>
		<Option makefile_is_custom="1"/>
		<Option compiler="gcc"/>
		<Option virtualFolders="CMake Files\;"/>
		<Build>
			<Target title="all">
				<Option working_dir="/home/ubuntu/R/MIGUE/ModeloLinealR/Debug"/>
				<Option type="4"/>
				<MakeCommands>
					<Build command="/usr/bin/make -j8 -f &quot;/home/ubuntu/R/MIGUE/ModeloLinealR/Debug/Makefile&quot;  VERBOSE=1 all"/>
					<CompileFile command="/usr/bin/make -j8 -f &quot;/home/ubuntu/R/MIGUE/ModeloLinealR/Debug/Makefile&quot;  VERBOSE=1 &quot;$file&quot;"/>
					<Clean command="/usr/bin/make -j8 -f &quot;/home/ubuntu/R/MIGUE/ModeloLinealR/Debug/Makefile&quot;  VERBOSE=1 clean"/>
					<DistClean command="/usr/bin/make -j8 -f &quot;/home/ubuntu/R/MIGUE/ModeloLinealR/Debug/Makefile&quot;  VERBOSE=1 clean"/>
				</MakeCommands>
			</Target>
			<Target title="rebuild_cache">
				<Option working_dir="/home/ubuntu/R/MIGUE/ModeloLinealR/Debug"/>
				<Option type="4"/>
				<MakeCommands>
					<Build command="/usr/bin/make -j8 -f &quot;/home/ubuntu/R/MIGUE/ModeloLinealR/Debug/Makefile&quot;  VERBOSE=1 rebuild_cache"/>
					<CompileFile command="/usr/bin/make -j8 -f &quot;/home/ubuntu/R/MIGUE/ModeloLinealR/Debug/Makefile&quot;  VERBOSE=1 &quot;$file&quot;"/>
					<Clean command="/usr/bin/make -j8 -f &quot;/home/ubuntu/R/MIGUE/ModeloLinealR/Debug/Makefile&quot;  VERBOSE=1 clean"/>
					<DistClean command="/usr/bin/make -j8 -f &quot;/home/ubuntu/R/MIGUE/ModeloLinealR/Debug/Makefile&quot;  VERBOSE=1 clean"/>
				</MakeCommands>
			</Target>
			<Target title="edit_cache">
				<Option working_dir="/home/ubuntu/R/MIGUE/ModeloLinealR/Debug"/>
				<Option type="4"/>
				<MakeCommands>
					<Build command="/usr/bin/make -j8 -f &quot;/home/ubuntu/R/MIGUE/ModeloLinealR/Debug/Makefile&quot;  VERBOSE=1 edit_cache"/>
					<CompileFile command="/usr/bin/make -j8 -f &quot;/home/ubuntu/R/MIGUE/ModeloLinealR/Debug/Makefile&quot;  VERBOSE=1 &quot;$file&quot;"/>
					<Clean command="/usr/bin/make -j8 -f &quot;/home/ubuntu/R/MIGUE/ModeloLinealR/Debug/Makefile&quot;  VERBOSE=1 clean"/>
					<DistClean command="/usr/bin/make -j8 -f &quot;/home/ubuntu/R/MIGUE/ModeloLinealR/Debug/Makefile&quot;  VERBOSE=1 clean"/>
				</MakeCommands>
			</Target>
			<Target title="ModeloLinealR">
				<Option output="/home/ubuntu/R/MIGUE/ModeloLinealR/Debug/ModeloLinealR" prefix_auto="0" extension_auto="0"/>
				<Option working_dir="/home/ubuntu/R/MIGUE/ModeloLinealR/Debug"/>
				<Option object_output="./"/>
				<Option type="1"/>
				<Option compiler="gcc"/>
				<Compiler>
					<Add directory="/usr/include/c++/9"/>
					<Add directory="/usr/include/x86_64-linux-gnu/c++/9"/>
					<Add directory="/usr/include/c++/9/backward"/>
					<Add directory="/usr/lib/gcc/x86_64-linux-gnu/9/include"/>
					<Add directory="/usr/local/include"/>
					<Add directory="/usr/include/x86_64-linux-gnu"/>
					<Add directory="/usr/include"/>
				</Compiler>
				<MakeCommands>
					<Build command="/usr/bin/make -j8 -f &quot;/home/ubuntu/R/MIGUE/ModeloLinealR/Debug/Makefile&quot;  VERBOSE=1 ModeloLinealR"/>
					<CompileFile command="/usr/bin/make -j8 -f &quot;/home/ubuntu/R/MIGUE/ModeloLinealR/Debug/Makefile&quot;  VERBOSE=1 &quot;$file&quot;"/>
					<Clean command="/usr/bin/make -j8 -f &quot;/home/ubuntu/R/MIGUE/ModeloLinealR/Debug/Makefile&quot;  VERBOSE=1 clean"/>
					<DistClean command="/usr/bin/make -j8 -f &quot;/home/ubuntu/R/MIGUE/ModeloLinealR/Debug/Makefile&quot;  VERBOSE=1 clean"/>
				</MakeCommands>
			</Target>
			<Target title="ModeloLinealR/fast">
				<Option output="/home/ubuntu/R/MIGUE/ModeloLinealR/Debug/ModeloLinealR" prefix_auto="0" extension_auto="0"/>
				<Option working_dir="/home/ubuntu/R/MIGUE/ModeloLinealR/Debug"/>
				<Option object_output="./"/>
				<Option type="1"/>
				<Option compiler="gcc"/>
				<Compiler>
					<Add directory="/usr/include/c++/9"/>
					<Add directory="/usr/include/x86_64-linux-gnu/c++/9"/>
					<Add directory="/usr/include/c++/9/backward"/>
					<Add directory="/usr/lib/gcc/x86_64-linux-gnu/9/include"/>
					<Add directory="/usr/local/include"/>
					<Add directory="/usr/include/x86_64-linux-gnu"/>
					<Add directory="/usr/include"/>
				</Compiler>
				<MakeCommands>
					<Build command="/usr/bin/make -j8 -f &quot;/home/ubuntu/R/MIGUE/ModeloLinealR/Debug/Makefile&quot;  VERBOSE=1 ModeloLinealR/fast"/>
					<CompileFile command="/usr/bin/make -j8 -f &quot;/home/ubuntu/R/MIGUE/ModeloLinealR/Debug/Makefile&quot;  VERBOSE=1 &quot;$file&quot;"/>
					<Clean command="/usr/bin/make -j8 -f &quot;/home/ubuntu/R/MIGUE/ModeloLinealR/Debug/Makefile&quot;  VERBOSE=1 clean"/>
					<DistClean command="/usr/bin/make -j8 -f &quot;/home/ubuntu/R/MIGUE/ModeloLinealR/Debug/Makefile&quot;  VERBOSE=1 clean"/>
				</MakeCommands>
			</Target>
		</Build>
		<Unit filename="/home/ubuntu/R/MIGUE/ModeloLinealR/Extraccion/extraer.cpp">
			<Option target="ModeloLinealR"/>
		</Unit>
		<Unit filename="/home/ubuntu/R/MIGUE/ModeloLinealR/Extraccion/extraer.h">
			<Option target="ModeloLinealR"/>
		</Unit>
		<Unit filename="/home/ubuntu/R/MIGUE/ModeloLinealR/main.cpp">
			<Option target="ModeloLinealR"/>
		</Unit>
		<Unit filename="/home/ubuntu/R/MIGUE/ModeloLinealR/CMakeLists.txt">
			<Option virtualFolder="CMake Files\"/>
		</Unit>
	</Project>
</CodeBlocks_project_file>
